{
  "version": 4,
  "terraform_version": "0.12.26",
  "serial": 18,
  "lineage": "c4e79cf6-d297-f05e-2e3c-57fe807d7a57",
  "outputs": {},
  "resources": [
    {
      "mode": "managed",
      "type": "azurerm_app_service",
      "name": "AS-Terraform",
      "provider": "provider.azurerm",
      "instances": [
        {
          "schema_version": 0,
          "attributes": {
            "app_service_plan_id": "/subscriptions/004e97cd-bd18-4d50-99d8-cf85ebd852a9/resourceGroups/terraform-resource-group/providers/Microsoft.Web/serverfarms/terraform-appserviceplan",
            "app_settings": {
              "SOME_KEY": "some-value"
            },
            "auth_settings": [
              {
                "active_directory": [],
                "additional_login_params": {},
                "allowed_external_redirect_urls": [],
                "default_provider": "",
                "enabled": false,
                "facebook": [],
                "google": [],
                "issuer": "",
                "microsoft": [],
                "runtime_version": "",
                "token_refresh_extension_hours": 0,
                "token_store_enabled": false,
                "twitter": [],
                "unauthenticated_client_action": ""
              }
            ],
            "backup": [],
            "client_affinity_enabled": true,
            "client_cert_enabled": false,
            "connection_string": [
              {
                "name": "Database",
                "type": "SQLServer",
                "value": "Server=tcp:terraform-sqlserver.database.windows.net Database=terraform-sqldatabase;User ID=sacha.wharton@outlook.com;Password=12Lzrfr11@!;Trusted_Connection=False;Encrypt=True;"
              }
            ],
            "default_site_hostname": "app-service-terraform.azurewebsites.net",
            "enabled": true,
            "https_only": false,
            "id": "/subscriptions/004e97cd-bd18-4d50-99d8-cf85ebd852a9/resourceGroups/terraform-resource-group/providers/Microsoft.Web/sites/app-service-terraform",
            "identity": [],
            "location": "westeurope",
            "logs": [
              {
                "application_logs": [
                  {
                    "azure_blob_storage": []
                  }
                ],
                "http_logs": [
                  {
                    "azure_blob_storage": [],
                    "file_system": []
                  }
                ]
              }
            ],
            "name": "app-service-terraform",
            "outbound_ip_addresses": "13.69.68.6,52.232.112.33,51.144.182.37,23.97.219.75,51.145.155.146",
            "possible_outbound_ip_addresses": "13.69.68.6,52.232.112.33,51.144.182.37,23.97.219.75,51.145.155.146,51.145.155.22,51.145.134.112,51.145.155.150",
            "resource_group_name": "terraform-resource-group",
            "site_config": [
              {
                "always_on": false,
                "app_command_line": "",
                "auto_swap_slot_name": "",
                "cors": [
                  {
                    "allowed_origins": [],
                    "support_credentials": false
                  }
                ],
                "default_documents": null,
                "dotnet_framework_version": "v4.0",
                "ftps_state": "AllAllowed",
                "health_check_path": "",
                "http2_enabled": false,
                "ip_restriction": [],
                "java_container": "",
                "java_container_version": "",
                "java_version": "",
                "linux_fx_version": "",
                "local_mysql_enabled": false,
                "managed_pipeline_mode": "Integrated",
                "min_tls_version": "1.2",
                "php_version": "",
                "python_version": "",
                "remote_debugging_enabled": false,
                "remote_debugging_version": "VS2019",
                "scm_type": "LocalGit",
                "use_32_bit_worker_process": false,
                "websockets_enabled": false,
                "windows_fx_version": ""
              }
            ],
            "site_credential": [
              {
                "password": "wlAy3eEtGcstm2s3Khs5K3Aew8XgbsDyPlBHZSLmauQhQMjn9wFbKrqrFYde",
                "username": "$app-service-terraform"
              }
            ],
            "source_control": [
              {
                "branch": "master",
                "repo_url": "https://app-service-terraform.scm.azurewebsites.net"
              }
            ],
            "storage_account": [],
            "tags": null,
            "timeouts": null
          },
          "private": "eyJlMmJmYjczMC1lY2FhLTExZTYtOGY4OC0zNDM2M2JjN2M0YzAiOnsiY3JlYXRlIjoxODAwMDAwMDAwMDAwLCJkZWxldGUiOjE4MDAwMDAwMDAwMDAsInJlYWQiOjMwMDAwMDAwMDAwMCwidXBkYXRlIjoxODAwMDAwMDAwMDAwfX0=",
          "dependencies": [
            "azurerm_app_service_plan.ASP-TerraForm",
            "azurerm_resource_group.RG-Terraform",
            "azurerm_sql_database.test",
            "azurerm_sql_server.test"
          ]
        }
      ]
    },
    {
      "mode": "managed",
      "type": "azurerm_app_service_plan",
      "name": "ASP-TerraForm",
      "provider": "provider.azurerm",
      "instances": [
        {
          "schema_version": 0,
          "attributes": {
            "app_service_environment_id": "",
            "id": "/subscriptions/004e97cd-bd18-4d50-99d8-cf85ebd852a9/resourceGroups/terraform-resource-group/providers/Microsoft.Web/serverfarms/terraform-appserviceplan",
            "is_xenon": false,
            "kind": "Windows",
            "location": "westeurope",
            "maximum_elastic_worker_count": 1,
            "maximum_number_of_workers": 10,
            "name": "terraform-appserviceplan",
            "per_site_scaling": false,
            "reserved": false,
            "resource_group_name": "terraform-resource-group",
            "sku": [
              {
                "capacity": 1,
                "size": "S1",
                "tier": "Standard"
              }
            ],
            "tags": null,
            "timeouts": null
          },
          "private": "eyJlMmJmYjczMC1lY2FhLTExZTYtOGY4OC0zNDM2M2JjN2M0YzAiOnsiY3JlYXRlIjozNjAwMDAwMDAwMDAwLCJkZWxldGUiOjM2MDAwMDAwMDAwMDAsInJlYWQiOjMwMDAwMDAwMDAwMCwidXBkYXRlIjozNjAwMDAwMDAwMDAwfX0=",
          "dependencies": [
            "azurerm_resource_group.RG-Terraform"
          ]
        }
      ]
    },
    {
      "mode": "managed",
      "type": "azurerm_resource_group",
      "name": "RG-Terraform",
      "provider": "provider.azurerm",
      "instances": [
        {
          "schema_version": 0,
          "attributes": {
            "id": "/subscriptions/004e97cd-bd18-4d50-99d8-cf85ebd852a9/resourceGroups/terraform-resource-group",
            "location": "westeurope",
            "name": "terraform-resource-group",
            "tags": null,
            "timeouts": null
          },
          "private": "eyJlMmJmYjczMC1lY2FhLTExZTYtOGY4OC0zNDM2M2JjN2M0YzAiOnsiY3JlYXRlIjo1NDAwMDAwMDAwMDAwLCJkZWxldGUiOjU0MDAwMDAwMDAwMDAsInJlYWQiOjMwMDAwMDAwMDAwMCwidXBkYXRlIjo1NDAwMDAwMDAwMDAwfX0="
        }
      ]
    },
    {
      "mode": "managed",
      "type": "azurerm_sql_database",
      "name": "test",
      "provider": "provider.azurerm",
      "instances": [
        {
          "schema_version": 0,
          "attributes": {
            "collation": "SQL_Latin1_General_CP1_CI_AS",
            "create_mode": "Default",
            "creation_date": "2020-07-06T07:44:34.107Z",
            "default_secondary_location": "North Europe",
            "edition": "GeneralPurpose",
            "elastic_pool_name": "",
            "encryption": "",
            "extended_auditing_policy": [],
            "id": "/subscriptions/004e97cd-bd18-4d50-99d8-cf85ebd852a9/resourceGroups/terraform-resource-group/providers/Microsoft.Sql/servers/terraform-sqlserver/databases/terraform-sqldatabase",
            "import": [],
            "location": "westeurope",
            "max_size_bytes": "34359738368",
            "max_size_gb": null,
            "name": "terraform-sqldatabase",
            "read_scale": false,
            "requested_service_objective_id": "f21733ad-9b9b-4d4e-a4fa-94a133c41718",
            "requested_service_objective_name": "GP_Gen5_2",
            "resource_group_name": "terraform-resource-group",
            "restore_point_in_time": null,
            "server_name": "terraform-sqlserver",
            "source_database_deletion_date": null,
            "source_database_id": null,
            "tags": {
              "environment": "production"
            },
            "threat_detection_policy": [
              {
                "disabled_alerts": [],
                "email_account_admins": "Disabled",
                "email_addresses": [],
                "retention_days": 0,
                "state": "Disabled",
                "storage_account_access_key": "",
                "storage_endpoint": "",
                "use_server_default": "Disabled"
              }
            ],
            "timeouts": null,
            "zone_redundant": false
          },
          "private": "eyJlMmJmYjczMC1lY2FhLTExZTYtOGY4OC0zNDM2M2JjN2M0YzAiOnsiY3JlYXRlIjozNjAwMDAwMDAwMDAwLCJkZWxldGUiOjM2MDAwMDAwMDAwMDAsInJlYWQiOjMwMDAwMDAwMDAwMCwidXBkYXRlIjozNjAwMDAwMDAwMDAwfX0=",
          "dependencies": [
            "azurerm_resource_group.RG-Terraform",
            "azurerm_sql_server.test"
          ]
        }
      ]
    },
    {
      "mode": "managed",
      "type": "azurerm_sql_server",
      "name": "test",
      "provider": "provider.azurerm",
      "instances": [
        {
          "schema_version": 0,
          "attributes": {
            "administrator_login": "sacha.wharton@outlook.com",
            "administrator_login_password": "12Lzrfr11@!",
            "connection_policy": "Default",
            "extended_auditing_policy": [],
            "fully_qualified_domain_name": "terraform-sqlserver.database.windows.net",
            "id": "/subscriptions/004e97cd-bd18-4d50-99d8-cf85ebd852a9/resourceGroups/terraform-resource-group/providers/Microsoft.Sql/servers/terraform-sqlserver",
            "identity": [],
            "location": "westeurope",
            "name": "terraform-sqlserver",
            "resource_group_name": "terraform-resource-group",
            "tags": null,
            "timeouts": null,
            "version": "12.0"
          },
          "private": "eyJlMmJmYjczMC1lY2FhLTExZTYtOGY4OC0zNDM2M2JjN2M0YzAiOnsiY3JlYXRlIjozNjAwMDAwMDAwMDAwLCJkZWxldGUiOjM2MDAwMDAwMDAwMDAsInJlYWQiOjMwMDAwMDAwMDAwMCwidXBkYXRlIjozNjAwMDAwMDAwMDAwfX0=",
          "dependencies": [
            "azurerm_resource_group.RG-Terraform"
          ]
        }
      ]
    }
  ]
}
